// !$*UTF8*$!
{
	archiveVersion = 1;
	classes = {
	};
	objectVersion = 50;
	objects = {

/* Begin PBXBuildFile section */
		984FC2902093747900338DF6 /* AppDelegate.swift in Sources */ = {isa = PBXBuildFile; fileRef = 984FC28F2093747900338DF6 /* AppDelegate.swift */; };
		984FC2922093747900338DF6 /* ViewController.swift in Sources */ = {isa = PBXBuildFile; fileRef = 984FC2912093747900338DF6 /* ViewController.swift */; };
		984FC2952093747900338DF6 /* Main.storyboard in Resources */ = {isa = PBXBuildFile; fileRef = 984FC2932093747900338DF6 /* Main.storyboard */; };
		984FC2972093747A00338DF6 /* Assets.xcassets in Resources */ = {isa = PBXBuildFile; fileRef = 984FC2962093747A00338DF6 /* Assets.xcassets */; };
		984FC29A2093747A00338DF6 /* LaunchScreen.storyboard in Resources */ = {isa = PBXBuildFile; fileRef = 984FC2982093747A00338DF6 /* LaunchScreen.storyboard */; };
		984FC2A52093747A00338DF6 /* iOSAlertsTests.swift in Sources */ = {isa = PBXBuildFile; fileRef = 984FC2A42093747A00338DF6 /* iOSAlertsTests.swift */; };
		984FC2B02093747A00338DF6 /* iOSAlertsUITests.swift in Sources */ = {isa = PBXBuildFile; fileRef = 984FC2AF2093747A00338DF6 /* iOSAlertsUITests.swift */; };
/* End PBXBuildFile section */

/* Begin PBXContainerItemProxy section */
		984FC2A12093747A00338DF6 /* PBXContainerItemProxy */ = {
			isa = PBXContainerItemProxy;
			containerPortal = 984FC2842093747900338DF6 /* Project object */;
			proxyType = 1;
			remoteGlobalIDString = 984FC28B2093747900338DF6;
			remoteInfo = iOSAlerts;
		};
		984FC2AC2093747A00338DF6 /* PBXContainerItemProxy */ = {
			isa = PBXContainerItemProxy;
			containerPortal = 984FC2842093747900338DF6 /* Project object */;
			proxyType = 1;
			remoteGlobalIDString = 984FC28B2093747900338DF6;
			remoteInfo = iOSAlerts;
		};
/* End PBXContainerItemProxy section */

/* Begin PBXFileReference section */
		984FC28C2093747900338DF6 /* iOSAlerts.app */ = {isa = PBXFileReference; explicitFileType = wrapper.application; includeInIndex = 0; path = iOSAlerts.app; sourceTree = BUILT_PRODUCTS_DIR; };
		984FC28F2093747900338DF6 /* AppDelegate.swift */ = {isa = PBXFileReference; lastKnownFileType = sourcecode.swift; path = AppDelegate.swift; sourceTree = "<group>"; };
		984FC2912093747900338DF6 /* ViewController.swift */ = {isa = PBXFileReference; lastKnownFileType = sourcecode.swift; path = ViewController.swift; sourceTree = "<group>"; };
		984FC2942093747900338DF6 /* Base */ = {isa = PBXFileReference; lastKnownFileType = file.storyboard; name = Base; path = Base.lproj/Main.storyboard; sourceTree = "<group>"; };
		984FC2962093747A00338DF6 /* Assets.xcassets */ = {isa = PBXFileReference; lastKnownFileType = folder.assetcatalog; path = Assets.xcassets; sourceTree = "<group>"; };
		984FC2992093747A00338DF6 /* Base */ = {isa = PBXFileReference; lastKnownFileType = file.storyboard; name = Base; path = Base.lproj/LaunchScreen.storyboard; sourceTree = "<group>"; };
		984FC29B2093747A00338DF6 /* Info.plist */ = {isa = PBXFileReference; lastKnownFileType = text.plist.xml; path = Info.plist; sourceTree = "<group>"; };
		984FC2A02093747A00338DF6 /* iOSAlertsTests.xctest */ = {isa = PBXFileReference; explicitFileType = wrapper.cfbundle; includeInIndex = 0; path = iOSAlertsTests.xctest; sourceTree = BUILT_PRODUCTS_DIR; };
		984FC2A42093747A00338DF6 /* iOSAlertsTests.swift */ = {isa = PBXFileReference; lastKnownFileType = sourcecode.swift; path = iOSAlertsTests.swift; sourceTree = "<group>"; };
		984FC2A62093747A00338DF6 /* Info.plist */ = {isa = PBXFileReference; lastKnownFileType = text.plist.xml; path = Info.plist; sourceTree = "<group>"; };
		984FC2AB2093747A00338DF6 /* iOSAlertsUITests.xctest */ = {isa = PBXFileReference; explicitFileType = wrapper.cfbundle; includeInIndex = 0; path = iOSAlertsUITests.xctest; sourceTree = BUILT_PRODUCTS_DIR; };
		984FC2AF2093747A00338DF6 /* iOSAlertsUITests.swift */ = {isa = PBXFileReference; lastKnownFileType = sourcecode.swift; path = iOSAlertsUITests.swift; sourceTree = "<group>"; };
		984FC2B12093747B00338DF6 /* Info.plist */ = {isa = PBXFileReference; lastKnownFileType = text.plist.xml; path = Info.plist; sourceTree = "<group>"; };
/* End PBXFileReference section */

/* Begin PBXFrameworksBuildPhase section */
		984FC2892093747900338DF6 /* Frameworks */ = {
			isa = PBXFrameworksBuildPhase;
			buildActionMask = 2147483647;
			files = (
			);
			runOnlyForDeploymentPostprocessing = 0;
		};
		984FC29D2093747A00338DF6 /* Frameworks */ = {
			isa = PBXFrameworksBuildPhase;
			buildActionMask = 2147483647;
			files = (
			);
			runOnlyForDeploymentPostprocessing = 0;
		};
		984FC2A82093747A00338DF6 /* Frameworks */ = {
			isa = PBXFrameworksBuildPhase;
			buildActionMask = 2147483647;
			files = (
			);
			runOnlyForDeploymentPostprocessing = 0;
		};
/* End PBXFrameworksBuildPhase section */

/* Begin PBXGroup section */
		984FC2832093747900338DF6 = {
			isa = PBXGroup;
			children = (
				984FC28E2093747900338DF6 /* iOSAlerts */,
				984FC2A32093747A00338DF6 /* iOSAlertsTests */,
				984FC2AE2093747A00338DF6 /* iOSAlertsUITests */,
				984FC28D2093747900338DF6 /* Products */,
			);
			sourceTree = "<group>";
		};
		984FC28D2093747900338DF6 /* Products */ = {
			isa = PBXGroup;
			children = (
				984FC28C2093747900338DF6 /* iOSAlerts.app */,
				984FC2A02093747A00338DF6 /* iOSAlertsTests.xctest */,
				984FC2AB2093747A00338DF6 /* iOSAlertsUITests.xctest */,
			);
			name = Products;
			sourceTree = "<group>";
		};
		984FC28E2093747900338DF6 /* iOSAlerts */ = {
			isa = PBXGroup;
			children = (
				984FC28F2093747900338DF6 /* AppDelegate.swift */,
				984FC2912093747900338DF6 /* ViewController.swift */,
				984FC2932093747900338DF6 /* Main.storyboard */,
				984FC2962093747A00338DF6 /* Assets.xcassets */,
				984FC2982093747A00338DF6 /* LaunchScreen.storyboard */,
				984FC29B2093747A00338DF6 /* Info.plist */,
			);
			path = iOSAlerts;
			sourceTree = "<group>";
		};
		984FC2A32093747A00338DF6 /* iOSAlertsTests */ = {
			isa = PBXGroup;
			children = (
				984FC2A42093747A00338DF6 /* iOSAlertsTests.swift */,
				984FC2A62093747A00338DF6 /* Info.plist */,
			);
			path = iOSAlertsTests;
			sourceTree = "<group>";
		};
		984FC2AE2093747A00338DF6 /* iOSAlertsUITests */ = {
			isa = PBXGroup;
			children = (
				984FC2AF2093747A00338DF6 /* iOSAlertsUITests.swift */,
				984FC2B12093747B00338DF6 /* Info.plist */,
			);
			path = iOSAlertsUITests;
			sourceTree = "<group>";
		};
/* End PBXGroup section */

/* Begin PBXNativeTarget section */
		984FC28B2093747900338DF6 /* iOSAlerts */ = {
			isa = PBXNativeTarget;
			buildConfigurationList = 984FC2B42093747B00338DF6 /* Build configuration list for PBXNativeTarget "iOSAlerts" */;
			buildPhases = (
				984FC2882093747900338DF6 /* Sources */,
				984FC2892093747900338DF6 /* Frameworks */,
				984FC28A2093747900338DF6 /* Resources */,
			);
			buildRules = (
			);
			dependencies = (
			);
			name = iOSAlerts;
			productName = iOSAlerts;
			productReference = 984FC28C2093747900338DF6 /* iOSAlerts.app */;
			productType = "com.apple.product-type.application";
		};
		984FC29F2093747A00338DF6 /* iOSAlertsTests */ = {
			isa = PBXNativeTarget;
			buildConfigurationList = 984FC2B72093747B00338DF6 /* Build configuration list for PBXNativeTarget "iOSAlertsTests" */;
			buildPhases = (
				984FC29C2093747A00338DF6 /* Sources */,
				984FC29D2093747A00338DF6 /* Frameworks */,
				984FC29E2093747A00338DF6 /* Resources */,
			);
			buildRules = (
			);
			dependencies = (
				984FC2A22093747A00338DF6 /* PBXTargetDependency */,
			);
			name = iOSAlertsTests;
			productName = iOSAlertsTests;
			productReference = 984FC2A02093747A00338DF6 /* iOSAlertsTests.xctest */;
			productType = "com.apple.product-type.bundle.unit-test";
		};
		984FC2AA2093747A00338DF6 /* iOSAlertsUITests */ = {
			isa = PBXNativeTarget;
			buildConfigurationList = 984FC2BA2093747B00338DF6 /* Build configuration list for PBXNativeTarget "iOSAlertsUITests" */;
			buildPhases = (
				984FC2A72093747A00338DF6 /* Sources */,
				984FC2A82093747A00338DF6 /* Frameworks */,
				984FC2A92093747A00338DF6 /* Resources */,
			);
			buildRules = (
			);
			dependencies = (
				984FC2AD2093747A00338DF6 /* PBXTargetDependency */,
			);
			name = iOSAlertsUITests;
			productName = iOSAlertsUITests;
			productReference = 984FC2AB2093747A00338DF6 /* iOSAlertsUITests.xctest */;
			productType = "com.apple.product-type.bundle.ui-testing";
		};
/* End PBXNativeTarget section */

/* Begin PBXProject section */
		984FC2842093747900338DF6 /* Project object */ = {
			isa = PBXProject;
			attributes = {
				LastSwiftUpdateCheck = 0930;
				LastUpgradeCheck = 0930;
				ORGANIZATIONNAME = URBN;
				TargetAttributes = {
					984FC28B2093747900338DF6 = {
						CreatedOnToolsVersion = 9.3;
					};
					984FC29F2093747A00338DF6 = {
						CreatedOnToolsVersion = 9.3;
						TestTargetID = 984FC28B2093747900338DF6;
					};
					984FC2AA2093747A00338DF6 = {
						CreatedOnToolsVersion = 9.3;
						TestTargetID = 984FC28B2093747900338DF6;
					};
				};
			};
			buildConfigurationList = 984FC2872093747900338DF6 /* Build configuration list for PBXProject "iOSAlerts" */;
			compatibilityVersion = "Xcode 9.3";
			developmentRegion = en;
			hasScannedForEncodings = 0;
			knownRegions = (
				en,
				Base,
			);
			mainGroup = 984FC2832093747900338DF6;
			productRefGroup = 984FC28D2093747900338DF6 /* Products */;
			projectDirPath = "";
			projectRoot = "";
			targets = (
				984FC28B2093747900338DF6 /* iOSAlerts */,
				984FC29F2093747A00338DF6 /* iOSAlertsTests */,
				984FC2AA2093747A00338DF6 /* iOSAlertsUITests */,
			);
		};
/* End PBXProject section */

/* Begin PBXResourcesBuildPhase section */
		984FC28A2093747900338DF6 /* Resources */ = {
			isa = PBXResourcesBuildPhase;
			buildActionMask = 2147483647;
			files = (
				984FC29A2093747A00338DF6 /* LaunchScreen.storyboard in Resources */,
				984FC2972093747A00338DF6 /* Assets.xcassets in Resources */,
				984FC2952093747900338DF6 /* Main.storyboard in Resources */,
			);
			runOnlyForDeploymentPostprocessing = 0;
		};
		984FC29E2093747A00338DF6 /* Resources */ = {
			isa = PBXResourcesBuildPhase;
			buildActionMask = 2147483647;
			files = (
			);
			runOnlyForDeploymentPostprocessing = 0;
		};
		984FC2A92093747A00338DF6 /* Resources */ = {
			isa = PBXResourcesBuildPhase;
			buildActionMask = 2147483647;
			files = (
			);
			runOnlyForDeploymentPostprocessing = 0;
		};
/* End PBXResourcesBuildPhase section */

/* Begin PBXSourcesBuildPhase section */
		984FC2882093747900338DF6 /* Sources */ = {
			isa = PBXSourcesBuildPhase;
			buildActionMask = 2147483647;
			files = (
				984FC2922093747900338DF6 /* ViewController.swift in Sources */,
				984FC2902093747900338DF6 /* AppDelegate.swift in Sources */,
			);
			runOnlyForDeploymentPostprocessing = 0;
		};
		984FC29C2093747A00338DF6 /* Sources */ = {
			isa = PBXSourcesBuildPhase;
			buildActionMask = 2147483647;
			files = (
				984FC2A52093747A00338DF6 /* iOSAlertsTests.swift in Sources */,
			);
			runOnlyForDeploymentPostprocessing = 0;
		};
		984FC2A72093747A00338DF6 /* Sources */ = {
			isa = PBXSourcesBuildPhase;
			buildActionMask = 2147483647;
			files = (
				984FC2B02093747A00338DF6 /* iOSAlertsUITests.swift in Sources */,
			);
			runOnlyForDeploymentPostprocessing = 0;
		};
/* End PBXSourcesBuildPhase section */

/* Begin PBXTargetDependency section */
		984FC2A22093747A00338DF6 /* PBXTargetDependency */ = {
			isa = PBXTargetDependency;
			target = 984FC28B2093747900338DF6 /* iOSAlerts */;
			targetProxy = 984FC2A12093747A00338DF6 /* PBXContainerItemProxy */;
		};
		984FC2AD2093747A00338DF6 /* PBXTargetDependency */ = {
			isa = PBXTargetDependency;
			target = 984FC28B2093747900338DF6 /* iOSAlerts */;
			targetProxy = 984FC2AC2093747A00338DF6 /* PBXContainerItemProxy */;
		};
/* End PBXTargetDependency section */

/* Begin PBXVariantGroup section */
		984FC2932093747900338DF6 /* Main.storyboard */ = {
			isa = PBXVariantGroup;
			children = (
				984FC2942093747900338DF6 /* Base */,
			);
			name = Main.storyboard;
			sourceTree = "<group>";
		};
		984FC2982093747A00338DF6 /* LaunchScreen.storyboard */ = {
			isa = PBXVariantGroup;
			children = (
				984FC2992093747A00338DF6 /* Base */,
			);
			name = LaunchScreen.storyboard;
			sourceTree = "<group>";
		};
/* End PBXVariantGroup section */

/* Begin XCBuildConfiguration section */
		984FC2B22093747B00338DF6 /* Debug */ = {
			isa = XCBuildConfiguration;
			buildSettings = {
				ALWAYS_SEARCH_USER_PATHS = NO;
				CLANG_ANALYZER_NONNULL = YES;
				CLANG_ANALYZER_NUMBER_OBJECT_CONVERSION = YES_AGGRESSIVE;
				CLANG_CXX_LANGUAGE_STANDARD = "gnu++14";
				CLANG_CXX_LIBRARY = "libc++";
				CLANG_ENABLE_MODULES = YES;
				CLANG_ENABLE_OBJC_ARC = YES;
				CLANG_ENABLE_OBJC_WEAK = YES;
				CLANG_WARN_BLOCK_CAPTURE_AUTORELEASING = YES;
				CLANG_WARN_BOOL_CONVERSION = YES;
				CLANG_WARN_COMMA = YES;
				CLANG_WARN_CONSTANT_CONVERSION = YES;
				CLANG_WARN_DEPRECATED_OBJC_IMPLEMENTATIONS = YES;
				CLANG_WARN_DIRECT_OBJC_ISA_USAGE = YES_ERROR;
				CLANG_WARN_DOCUMENTATION_COMMENTS = YES;
				CLANG_WARN_EMPTY_BODY = YES;
				CLANG_WARN_ENUM_CONVERSION = YES;
				CLANG_WARN_INFINITE_RECURSION = YES;
				CLANG_WARN_INT_CONVERSION = YES;
				CLANG_WARN_NON_LITERAL_NULL_CONVERSION = YES;
				CLANG_WARN_OBJC_IMPLICIT_RETAIN_SELF = YES;
				CLANG_WARN_OBJC_LITERAL_CONVERSION = YES;
				CLANG_WARN_OBJC_ROOT_CLASS = YES_ERROR;
				CLANG_WARN_RANGE_LOOP_ANALYSIS = YES;
				CLANG_WARN_STRICT_PROTOTYPES = YES;
				CLANG_WARN_SUSPICIOUS_MOVE = YES;
				CLANG_WARN_UNGUARDED_AVAILABILITY = YES_AGGRESSIVE;
				CLANG_WARN_UNREACHABLE_CODE = YES;
				CLANG_WARN__DUPLICATE_METHOD_MATCH = YES;
				CODE_SIGN_IDENTITY = "iPhone Developer";
				COPY_PHASE_STRIP = NO;
				DEBUG_INFORMATION_FORMAT = dwarf;
				ENABLE_STRICT_OBJC_MSGSEND = YES;
				ENABLE_TESTABILITY = YES;
				GCC_C_LANGUAGE_STANDARD = gnu11;
				GCC_DYNAMIC_NO_PIC = NO;
				GCC_NO_COMMON_BLOCKS = YES;
				GCC_OPTIMIZATION_LEVEL = 0;
				GCC_PREPROCESSOR_DEFINITIONS = (
					"DEBUG=1",
					"$(inherited)",
				);
				GCC_WARN_64_TO_32_BIT_CONVERSION = YES;
				GCC_WARN_ABOUT_RETURN_TYPE = YES_ERROR;
				GCC_WARN_UNDECLARED_SELECTOR = YES;
				GCC_WARN_UNINITIALIZED_AUTOS = YES_AGGRESSIVE;
				GCC_WARN_UNUSED_FUNCTION = YES;
				GCC_WARN_UNUSED_VARIABLE = YES;
				IPHONEOS_DEPLOYMENT_TARGET = 11.3;
				MTL_ENABLE_DEBUG_INFO = YES;
				ONLY_ACTIVE_ARCH = YES;
				SDKROOT = iphoneos;
				SWIFT_ACTIVE_COMPILATION_CONDITIONS = DEBUG;
				SWIFT_OPTIMIZATION_LEVEL = "-Onone";
			};
			name = Debug;
		};
		984FC2B32093747B00338DF6 /* Release */ = {
			isa = XCBuildConfiguration;
			buildSettings = {
				ALWAYS_SEARCH_USER_PATHS = NO;
				CLANG_ANALYZER_NONNULL = YES;
				CLANG_ANALYZER_NUMBER_OBJECT_CONVERSION = YES_AGGRESSIVE;
				CLANG_CXX_LANGUAGE_STANDARD = "gnu++14";
				CLANG_CXX_LIBRARY = "libc++";
				CLANG_ENABLE_MODULES = YES;
				CLANG_ENABLE_OBJC_ARC = YES;
				CLANG_ENABLE_OBJC_WEAK = YES;
				CLANG_WARN_BLOCK_CAPTURE_AUTORELEASING = YES;
				CLANG_WARN_BOOL_CONVERSION = YES;
				CLANG_WARN_COMMA = YES;
				CLANG_WARN_CONSTANT_CONVERSION = YES;
				CLANG_WARN_DEPRECATED_OBJC_IMPLEMENTATIONS = YES;
				CLANG_WARN_DIRECT_OBJC_ISA_USAGE = YES_ERROR;
				CLANG_WARN_DOCUMENTATION_COMMENTS = YES;
				CLANG_WARN_EMPTY_BODY = YES;
				CLANG_WARN_ENUM_CONVERSION = YES;
				CLANG_WARN_INFINITE_RECURSION = YES;
				CLANG_WARN_INT_CONVERSION = YES;
				CLANG_WARN_NON_LITERAL_NULL_CONVERSION = YES;
				CLANG_WARN_OBJC_IMPLICIT_RETAIN_SELF = YES;
				CLANG_WARN_OBJC_LITERAL_CONVERSION = YES;
				CLANG_WARN_OBJC_ROOT_CLASS = YES_ERROR;
				CLANG_WARN_RANGE_LOOP_ANALYSIS = YES;
				CLANG_WARN_STRICT_PROTOTYPES = YES;
				CLANG_WARN_SUSPICIOUS_MOVE = YES;
				CLANG_WARN_UNGUARDED_AVAILABILITY = YES_AGGRESSIVE;
				CLANG_WARN_UNREACHABLE_CODE = YES;
				CLANG_WARN__DUPLICATE_METHOD_MATCH = YES;
				CODE_SIGN_IDENTITY = "iPhone Developer";
				COPY_PHASE_STRIP = NO;
				DEBUG_INFORMATION_FORMAT = "dwarf-with-dsym";
				ENABLE_NS_ASSERTIONS = NO;
				ENABLE_STRICT_OBJC_MSGSEND = YES;
				GCC_C_LANGUAGE_STANDARD = gnu11;
				GCC_NO_COMMON_BLOCKS = YES;
				GCC_WARN_64_TO_32_BIT_CONVERSION = YES;
				GCC_WARN_ABOUT_RETURN_TYPE = YES_ERROR;
				GCC_WARN_UNDECLARED_SELECTOR = YES;
				GCC_WARN_UNINITIALIZED_AUTOS = YES_AGGRESSIVE;
				GCC_WARN_UNUSED_FUNCTION = YES;
				GCC_WARN_UNUSED_VARIABLE = YES;
				IPHONEOS_DEPLOYMENT_TARGET = 11.3;
				MTL_ENABLE_DEBUG_INFO = NO;
				SDKROOT = iphoneos;
				SWIFT_COMPILATION_MODE = wholemodule;
				SWIFT_OPTIMIZATION_LEVEL = "-O";
				VALIDATE_PRODUCT = YES;
			};
			name = Release;
		};
		984FC2B52093747B00338DF6 /* Debug */ = {
			isa = XCBuildConfiguration;
			buildSettings = {
				ASSETCATALOG_COMPILER_APPICON_NAME = AppIcon;
				CODE_SIGN_STYLE = Automatic;
				DEVELOPMENT_TEAM = 6438N9QD27;
				INFOPLIST_FILE = iOSAlerts/Info.plist;
				LD_RUNPATH_SEARCH_PATHS = (
					"$(inherited)",
					"@executable_path/Frameworks",
				);
				PRODUCT_BUNDLE_IDENTIFIER = URBN.iOSAlerts;
				PRODUCT_NAME = "$(TARGET_NAME)";
				SWIFT_VERSION = 4.0;
				TARGETED_DEVICE_FAMILY = "1,2";
			};
			name = Debug;
		};
		984FC2B62093747B00338DF6 /* Release */ = {
			isa = XCBuildConfiguration;
			buildSettings = {
				ASSETCATALOG_COMPILER_APPICON_NAME = AppIcon;
				CODE_SIGN_STYLE = Automatic;
				DEVELOPMENT_TEAM = 6438N9QD27;
				INFOPLIST_FILE = iOSAlerts/Info.plist;
				LD_RUNPATH_SEARCH_PATHS = (
					"$(inherited)",
					"@executable_path/Frameworks",
				);
				PRODUCT_BUNDLE_IDENTIFIER = URBN.iOSAlerts;
				PRODUCT_NAME = "$(TARGET_NAME)";
				SWIFT_VERSION = 4.0;
				TARGETED_DEVICE_FAMILY = "1,2";
			};
			name = Release;
		};
		984FC2B82093747B00338DF6 /* Debug */ = {
			isa = XCBuildConfiguration;
			buildSettings = {
				ALWAYS_EMBED_SWIFT_STANDARD_LIBRARIES = YES;
				BUNDLE_LOADER = "$(TEST_HOST)";
				CODE_SIGN_STYLE = Automatic;
				DEVELOPMENT_TEAM = 6438N9QD27;
				INFOPLIST_FILE = iOSAlertsTests/Info.plist;
				LD_RUNPATH_SEARCH_PATHS = (
					"$(inherited)",
					"@executable_path/Frameworks",
					"@loader_path/Frameworks",
				);
				PRODUCT_BUNDLE_IDENTIFIER = URBN.iOSAlertsTests;
				PRODUCT_NAME = "$(TARGET_NAME)";
				SWIFT_VERSION = 4.0;
				TARGETED_DEVICE_FAMILY = "1,2";
				TEST_HOST = "$(BUILT_PRODUCTS_DIR)/iOSAlerts.app/iOSAlerts";
			};
			name = Debug;
		};
		984FC2B92093747B00338DF6 /* Release */ = {
			isa = XCBuildConfiguration;
			buildSettings = {
				ALWAYS_EMBED_SWIFT_STANDARD_LIBRARIES = YES;
				BUNDLE_LOADER = "$(TEST_HOST)";
				CODE_SIGN_STYLE = Automatic;
				DEVELOPMENT_TEAM = 6438N9QD27;
				INFOPLIST_FILE = iOSAlertsTests/Info.plist;
				LD_RUNPATH_SEARCH_PATHS = (
					"$(inherited)",
					"@executable_path/Frameworks",
					"@loader_path/Frameworks",
				);
				PRODUCT_BUNDLE_IDENTIFIER = URBN.iOSAlertsTests;
				PRODUCT_NAME = "$(TARGET_NAME)";
				SWIFT_VERSION = 4.0;
				TARGETED_DEVICE_FAMILY = "1,2";
				TEST_HOST = "$(BUILT_PRODUCTS_DIR)/iOSAlerts.app/iOSAlerts";
			};
			name = Release;
		};
		984FC2BB2093747B00338DF6 /* Debug */ = {
			isa = XCBuildConfiguration;
			buildSettings = {
				ALWAYS_EMBED_SWIFT_STANDARD_LIBRARIES = YES;
				CODE_SIGN_STYLE = Automatic;
				DEVELOPMENT_TEAM = 6438N9QD27;
				INFOPLIST_FILE = iOSAlertsUITests/Info.plist;
				LD_RUNPATH_SEARCH_PATHS = (
					"$(inherited)",
					"@executable_path/Frameworks",
					"@loader_path/Frameworks",
				);
				PRODUCT_BUNDLE_IDENTIFIER = URBN.iOSAlertsUITests;
				PRODUCT_NAME = "$(TARGET_NAME)";
				SWIFT_VERSION = 4.0;
				TARGETED_DEVICE_FAMILY = "1,2";
				TEST_TARGET_NAME = iOSAlerts;
			};
			name = Debug;
		};
		984FC2BC2093747B00338DF6 /* Release */ = {
			isa = XCBuildConfiguration;
			buildSettings = {
				ALWAYS_EMBED_SWIFT_STANDARD_LIBRARIES = YES;
				CODE_SIGN_STYLE = Automatic;
				DEVELOPMENT_TEAM = 6438N9QD27;
				INFOPLIST_FILE = iOSAlertsUITests/Info.plist;
				LD_RUNPATH_SEARCH_PATHS = (
					"$(inherited)",
					"@executable_path/Frameworks",
					"@loader_path/Frameworks",
				);
				PRODUCT_BUNDLE_IDENTIFIER = URBN.iOSAlertsUITests;
				PRODUCT_NAME = "$(TARGET_NAME)";
				SWIFT_VERSION = 4.0;
				TARGETED_DEVICE_FAMILY = "1,2";
				TEST_TARGET_NAME = iOSAlerts;
			};
			name = Release;
		};
/* End XCBuildConfiguration section */

/* Begin XCConfigurationList section */
		984FC2872093747900338DF6 /* Build configuration list for PBXProject "iOSAlerts" */ = {
			isa = XCConfigurationList;
			buildConfigurations = (
				984FC2B22093747B00338DF6 /* Debug */,
				984FC2B32093747B00338DF6 /* Release */,
			);
			defaultConfigurationIsVisible = 0;
			defaultConfigurationName = Release;
		};
		984FC2B42093747B00338DF6 /* Build configuration list for PBXNativeTarget "iOSAlerts" */ = {
			isa = XCConfigurationList;
			buildConfigurations = (
				984FC2B52093747B00338DF6 /* Debug */,
				984FC2B62093747B00338DF6 /* Release */,
			);
			defaultConfigurationIsVisible = 0;
			defaultConfigurationName = Release;
		};
		984FC2B72093747B00338DF6 /* Build configuration list for PBXNativeTarget "iOSAlertsTests" */ = {
			isa = XCConfigurationList;
			buildConfigurations = (
				984FC2B82093747B00338DF6 /* Debug */,
				984FC2B92093747B00338DF6 /* Release */,
			);
			defaultConfigurationIsVisible = 0;
			defaultConfigurationName = Release;
		};
		984FC2BA2093747B00338DF6 /* Build configuration list for PBXNativeTarget "iOSAlertsUITests" */ = {
			isa = XCConfigurationList;
			buildConfigurations = (
				984FC2BB2093747B00338DF6 /* Debug */,
				984FC2BC2093747B00338DF6 /* Release */,
			);
			defaultConfigurationIsVisible = 0;
			defaultConfigurationName = Release;
		};
/* End XCConfigurationList section */
	};
	rootObject = 984FC2842093747900338DF6 /* Project object */;
}
